Microsoft Visual Studio Solution File, Format Version 12.00
# Visual Studio Version 16
VisualStudioVersion = 16.0.30611.23
MinimumVisualStudioVersion = 10.0.40219.1
Project("{9A19103F-16F7-4668-BE54-9A1E7A4F7556}") = "kx", "kx\kx.csproj", "{9325FAD0-FE05-480C-900B-8ED51599F686}"
EndProject
Project("{FAE04EC0-301F-11D3-BF4B-00C04F79EFBC}") = "kx.Test", "kx.Test\kx.Test.csproj", "{7F243343-0765-4284-BC74-48675C58DE33}"
EndProject
Global
	GlobalSection(SolutionConfigurationPlatforms) = preSolution
		Debug|Any CPU = Debug|Any CPU
		Release|Any CPU = Release|Any CPU
	EndGlobalSection
	GlobalSection(ProjectConfigurationPlatforms) = postSolution
		{9325FAD0-FE05-480C-900B-8ED51599F686}.Debug|Any CPU.ActiveCfg = Debug|Any CPU
		{9325FAD0-FE05-480C-900B-8ED51599F686}.Debug|Any CPU.Build.0 = Debug|Any CPU
		{9325FAD0-FE05-480C-900B-8ED51599F686}.Release|Any CPU.ActiveCfg = Release|Any CPU
		{9325FAD0-FE05-480C-900B-8ED51599F686}.Release|Any CPU.Build.0 = Release|Any CPU
		{7F243343-0765-4284-BC74-48675C58DE33}.Debug|Any CPU.ActiveCfg = Debug|Any CPU
		{7F243343-0765-4284-BC74-48675C58DE33}.Debug|Any CPU.Build.0 = Debug|Any CPU
		{7F243343-0765-4284-BC74-48675C58DE33}.Release|Any CPU.ActiveCfg = Release|Any CPU
		{7F243343-0765-4284-BC74-48675C58DE33}.Release|Any CPU.Build.0 = Release|Any CPU
	EndGlobalSection
	GlobalSection(SolutionProperties) = preSolution
		HideSolutionNode = FALSE
	EndGlobalSection
	GlobalSection(ExtensibilityGlobals) = postSolution
		SolutionGuid = {55298CD4-27D4-4D00-9143-8A2275B50149}
	EndGlobalSection
EndGlobal
